{
  "originHash" : "aee4cedb74545e2396e3b8137d1eda7787dd5c92f8274b7170dde014f2101951",
  "pins" : [
    {
      "identity" : "sopt-ios-mds",
      "kind" : "remoteSourceControl",
      "location" : "https://github.com/sopt-makers/SOPT-iOS-MDS",
      "state" : {
        "revision" : "79740367f5f40ff1b9141d4d7886953d53e813f7"
      }
    }
  ],
  "version" : 3
}
