{
  "originHash" : "aee4cedb74545e2396e3b8137d1eda7787dd5c92f8274b7170dde014f2101951",
  "pins" : [
    {
      "identity" : "sopt-ios-mds",
      "kind" : "remoteSourceControl",
      "location" : "https://github.com/sopt-makers/SOPT-iOS-MDS",
      "state" : {
        "branch" : "default",
        "revision" : "f076e94f59bbd799d5483d84715355ab8a705caa"
      }
    }
  ],
  "version" : 3
}
